// !$*UTF8*$!
{
	archiveVersion = 1;
	classes = {
	};
	objectVersion = 77;
	objects = {

/* Begin PBXContainerItemProxy section */
		95C04D812E2E88B700B6CF5C /* PBXContainerItemProxy */ = {
			isa = PBXContainerItemProxy;
			containerPortal = 95C04D5F2E2E88B500B6CF5C /* Project object */;
			proxyType = 1;
			remoteGlobalIDString = 95C04D662E2E88B500B6CF5C;
			remoteInfo = MyToList;
		};
		95C04D8B2E2E88B800B6CF5C /* PBXContainerItemProxy */ = {
			isa = PBXContainerItemProxy;
			containerPortal = 95C04D5F2E2E88B500B6CF5C /* Project object */;
			proxyType = 1;
			remoteGlobalIDString = 95C04D662E2E88B500B6CF5C;
			remoteInfo = MyToList;
		};
/* End PBXContainerItemProxy section */

/* Begin PBXFileReference section */
		95C04D672E2E88B500B6CF5C /* MyToList.app */ = {isa = PBXFileReference; explicitFileType = wrapper.application; includeInIndex = 0; path = MyToList.app; sourceTree = BUILT_PRODUCTS_DIR; };
		95C04D802E2E88B700B6CF5C /* MyToListTests.xctest */ = {isa = PBXFileReference; explicitFileType = wrapper.cfbundle; includeInIndex = 0; path = MyToListTests.xctest; sourceTree = BUILT_PRODUCTS_DIR; };
		95C04D8A2E2E88B800B6CF5C /* MyToListUITests.xctest */ = {isa = PBXFileReference; explicitFileType = wrapper.cfbundle; includeInIndex = 0; path = MyToListUITests.xctest; sourceTree = BUILT_PRODUCTS_DIR; };
/* End PBXFileReference section */

/* Begin PBXFileSystemSynchronizedBuildFileExceptionSet section */
		95C04D922E2E88B800B6CF5C /* Exceptions for "MyToList" folder in "MyToList" target */ = {
			isa = PBXFileSystemSynchronizedBuildFileExceptionSet;
			membershipExceptions = (
				Info.plist,
			);
			target = 95C04D662E2E88B500B6CF5C /* MyToList */;
		};
/* End PBXFileSystemSynchronizedBuildFileExceptionSet section */

/* Begin PBXFileSystemSynchronizedRootGroup section */
		95C04D692E2E88B500B6CF5C /* MyToList */ = {
			isa = PBXFileSystemSynchronizedRootGroup;
			exceptions = (
				95C04D922E2E88B800B6CF5C /* Exceptions for "MyToList" folder in "MyToList" target */,
			);
			path = MyToList;
			sourceTree = "<group>";
		};
		95C04D832E2E88B700B6CF5C /* MyToListTests */ = {
			isa = PBXFileSystemSynchronizedRootGroup;
			path = MyToListTests;
			sourceTree = "<group>";
		};
		95C04D8D2E2E88B800B6CF5C /* MyToListUITests */ = {
			isa = PBXFileSystemSynchronizedRootGroup;
			path = MyToListUITests;
			sourceTree = "<group>";
		};
/* End PBXFileSystemSynchronizedRootGroup section */

/* Begin PBXFrameworksBuildPhase section */
		95C04D642E2E88B500B6CF5C /* Frameworks */ = {
			isa = PBXFrameworksBuildPhase;
			buildActionMask = 2147483647;
			files = (
			);
			runOnlyForDeploymentPostprocessing = 0;
		};
		95C04D7D2E2E88B700B6CF5C /* Frameworks */ = {
			isa = PBXFrameworksBuildPhase;
			buildActionMask = 2147483647;
			files = (
			);
			runOnlyForDeploymentPostprocessing = 0;
		};
		95C04D872E2E88B800B6CF5C /* Frameworks */ = {
			isa = PBXFrameworksBuildPhase;
			buildActionMask = 2147483647;
			files = (
			);
			runOnlyForDeploymentPostprocessing = 0;
		};
/* End PBXFrameworksBuildPhase section */

/* Begin PBXGroup section */
		95C04D5E2E2E88B500B6CF5C = {
			isa = PBXGroup;
			children = (
				95C04D692E2E88B500B6CF5C /* MyToList */,
				95C04D832E2E88B700B6CF5C /* MyToListTests */,
				95C04D8D2E2E88B800B6CF5C /* MyToListUITests */,
				95C04D682E2E88B500B6CF5C /* Products */,
			);
			sourceTree = "<group>";
		};
		95C04D682E2E88B500B6CF5C /* Products */ = {
			isa = PBXGroup;
			children = (
				95C04D672E2E88B500B6CF5C /* MyToList.app */,
				95C04D802E2E88B700B6CF5C /* MyToListTests.xctest */,
				95C04D8A2E2E88B800B6CF5C /* MyToListUITests.xctest */,
			);
			name = Products;
			sourceTree = "<group>";
		};
/* End PBXGroup section */

/* Begin PBXNativeTarget section */
		95C04D662E2E88B500B6CF5C /* MyToList */ = {
			isa = PBXNativeTarget;
			buildConfigurationList = 95C04D932E2E88B800B6CF5C /* Build configuration list for PBXNativeTarget "MyToList" */;
			buildPhases = (
				95C04D632E2E88B500B6CF5C /* Sources */,
				95C04D642E2E88B500B6CF5C /* Frameworks */,
				95C04D652E2E88B500B6CF5C /* Resources */,
			);
			buildRules = (
			);
			dependencies = (
			);
			fileSystemSynchronizedGroups = (
				95C04D692E2E88B500B6CF5C /* MyToList */,
			);
			name = MyToList;
			packageProductDependencies = (
			);
			productName = MyToList;
			productReference = 95C04D672E2E88B500B6CF5C /* MyToList.app */;
			productType = "com.apple.product-type.application";
		};
		95C04D7F2E2E88B700B6CF5C /* MyToListTests */ = {
			isa = PBXNativeTarget;
			buildConfigurationList = 95C04D982E2E88B800B6CF5C /* Build configuration list for PBXNativeTarget "MyToListTests" */;
			buildPhases = (
				95C04D7C2E2E88B700B6CF5C /* Sources */,
				95C04D7D2E2E88B700B6CF5C /* Frameworks */,
				95C04D7E2E2E88B700B6CF5C /* Resources */,
			);
			buildRules = (
			);
			dependencies = (
				95C04D822E2E88B700B6CF5C /* PBXTargetDependency */,
			);
			fileSystemSynchronizedGroups = (
				95C04D832E2E88B700B6CF5C /* MyToListTests */,
			);
			name = MyToListTests;
			packageProductDependencies = (
			);
			productName = MyToListTests;
			productReference = 95C04D802E2E88B700B6CF5C /* MyToListTests.xctest */;
			productType = "com.apple.product-type.bundle.unit-test";
		};
		95C04D892E2E88B800B6CF5C /* MyToListUITests */ = {
			isa = PBXNativeTarget;
			buildConfigurationList = 95C04D9B2E2E88B800B6CF5C /* Build configuration list for PBXNativeTarget "MyToListUITests" */;
			buildPhases = (
				95C04D862E2E88B800B6CF5C /* Sources */,
				95C04D872E2E88B800B6CF5C /* Frameworks */,
				95C04D882E2E88B800B6CF5C /* Resources */,
			);
			buildRules = (
			);
			dependencies = (
				95C04D8C2E2E88B800B6CF5C /* PBXTargetDependency */,
			);
			fileSystemSynchronizedGroups = (
				95C04D8D2E2E88B800B6CF5C /* MyToListUITests */,
			);
			name = MyToListUITests;
			packageProductDependencies = (
			);
			productName = MyToListUITests;
			productReference = 95C04D8A2E2E88B800B6CF5C /* MyToListUITests.xctest */;
			productType = "com.apple.product-type.bundle.ui-testing";
		};
/* End PBXNativeTarget section */

/* Begin PBXProject section */
		95C04D5F2E2E88B500B6CF5C /* Project object */ = {
			isa = PBXProject;
			attributes = {
				BuildIndependentTargetsInParallel = 1;
				LastSwiftUpdateCheck = 1640;
				LastUpgradeCheck = 1640;
				TargetAttributes = {
					95C04D662E2E88B500B6CF5C = {
						CreatedOnToolsVersion = 16.4;
					};
					95C04D7F2E2E88B700B6CF5C = {
						CreatedOnToolsVersion = 16.4;
						TestTargetID = 95C04D662E2E88B500B6CF5C;
					};
					95C04D892E2E88B800B6CF5C = {
						CreatedOnToolsVersion = 16.4;
						TestTargetID = 95C04D662E2E88B500B6CF5C;
					};
				};
			};
			buildConfigurationList = 95C04D622E2E88B500B6CF5C /* Build configuration list for PBXProject "MyToList" */;
			developmentRegion = en;
			hasScannedForEncodings = 0;
			knownRegions = (
				en,
				Base,
			);
			mainGroup = 95C04D5E2E2E88B500B6CF5C;
			minimizedProjectReferenceProxies = 1;
			preferredProjectObjectVersion = 77;
			productRefGroup = 95C04D682E2E88B500B6CF5C /* Products */;
			projectDirPath = "";
			projectRoot = "";
			targets = (
				95C04D662E2E88B500B6CF5C /* MyToList */,
				95C04D7F2E2E88B700B6CF5C /* MyToListTests */,
				95C04D892E2E88B800B6CF5C /* MyToListUITests */,
			);
		};
/* End PBXProject section */

/* Begin PBXResourcesBuildPhase section */
		95C04D652E2E88B500B6CF5C /* Resources */ = {
			isa = PBXResourcesBuildPhase;
			buildActionMask = 2147483647;
			files = (
			);
			runOnlyForDeploymentPostprocessing = 0;
		};
		95C04D7E2E2E88B700B6CF5C /* Resources */ = {
			isa = PBXResourcesBuildPhase;
			buildActionMask = 2147483647;
			files = (
			);
			runOnlyForDeploymentPostprocessing = 0;
		};
		95C04D882E2E88B800B6CF5C /* Resources */ = {
			isa = PBXResourcesBuildPhase;
			buildActionMask = 2147483647;
			files = (
			);
			runOnlyForDeploymentPostprocessing = 0;
		};
/* End PBXResourcesBuildPhase section */

/* Begin PBXSourcesBuildPhase section */
		95C04D632E2E88B500B6CF5C /* Sources */ = {
			isa = PBXSourcesBuildPhase;
			buildActionMask = 2147483647;
			files = (
			);
			runOnlyForDeploymentPostprocessing = 0;
		};
		95C04D7C2E2E88B700B6CF5C /* Sources */ = {
			isa = PBXSourcesBuildPhase;
			buildActionMask = 2147483647;
			files = (
			);
			runOnlyForDeploymentPostprocessing = 0;
		};
		95C04D862E2E88B800B6CF5C /* Sources */ = {
			isa = PBXSourcesBuildPhase;
			buildActionMask = 2147483647;
			files = (
			);
			runOnlyForDeploymentPostprocessing = 0;
		};
/* End PBXSourcesBuildPhase section */

/* Begin PBXTargetDependency section */
		95C04D822E2E88B700B6CF5C /* PBXTargetDependency */ = {
			isa = PBXTargetDependency;
			target = 95C04D662E2E88B500B6CF5C /* MyToList */;
			targetProxy = 95C04D812E2E88B700B6CF5C /* PBXContainerItemProxy */;
		};
		95C04D8C2E2E88B800B6CF5C /* PBXTargetDependency */ = {
			isa = PBXTargetDependency;
			target = 95C04D662E2E88B500B6CF5C /* MyToList */;
			targetProxy = 95C04D8B2E2E88B800B6CF5C /* PBXContainerItemProxy */;
		};
/* End PBXTargetDependency section */

/* Begin XCBuildConfiguration section */
		95C04D942E2E88B800B6CF5C /* Debug */ = {
			isa = XCBuildConfiguration;
			buildSettings = {
				ASSETCATALOG_COMPILER_APPICON_NAME = AppIcon;
				ASSETCATALOG_COMPILER_GLOBAL_ACCENT_COLOR_NAME = AccentColor;
				CODE_SIGN_STYLE = Automatic;
				CURRENT_PROJECT_VERSION = 1;
				GENERATE_INFOPLIST_FILE = YES;
				INFOPLIST_FILE = MyToList/Info.plist;
				INFOPLIST_KEY_UIApplicationSupportsIndirectInputEvents = YES;
				INFOPLIST_KEY_UILaunchStoryboardName = LaunchScreen;
				INFOPLIST_KEY_UIMainStoryboardFile = Main;
				INFOPLIST_KEY_UISupportedInterfaceOrientations_iPad = "UIInterfaceOrientationPortrait UIInterfaceOrientationPortraitUpsideDown UIInterfaceOrientationLandscapeLeft UIInterfaceOrientationLandscapeRight";
				INFOPLIST_KEY_UISupportedInterfaceOrientations_iPhone = "UIInterfaceOrientationPortrait UIInterfaceOrientationLandscapeLeft UIInterfaceOrientationLandscapeRight";
				LD_RUNPATH_SEARCH_PATHS = (
					"$(inherited)",
					"@executable_path/Frameworks",
				);
				MARKETING_VERSION = 1.0;
				PRODUCT_BUNDLE_IDENTIFIER = com.myapp.toDoList.MyToList;
				PRODUCT_NAME = "$(TARGET_NAME)";
				SWIFT_EMIT_LOC_STRINGS = YES;
				SWIFT_VERSION = 5.0;
				TARGETED_DEVICE_FAMILY = "1,2";
			};
			name = Debug;
		};
		95C04D952E2E88B800B6CF5C /* Release */ = {
			isa = XCBuildConfiguration;
			buildSettings = {
				ASSETCATALOG_COMPILER_APPICON_NAME = AppIcon;
				ASSETCATALOG_COMPILER_GLOBAL_ACCENT_COLOR_NAME = AccentColor;
				CODE_SIGN_STYLE = Automatic;
				CURRENT_PROJECT_VERSION = 1;
				GENERATE_INFOPLIST_FILE = YES;
				INFOPLIST_FILE = MyToList/Info.plist;
				INFOPLIST_KEY_UIApplicationSupportsIndirectInputEvents = YES;
				INFOPLIST_KEY_UILaunchStoryboardName = LaunchScreen;
				INFOPLIST_KEY_UIMainStoryboardFile = Main;
				INFOPLIST_KEY_UISupportedInterfaceOrientations_iPad = "UIInterfaceOrientationPortrait UIInterfaceOrientationPortraitUpsideDown UIInterfaceOrientationLandscapeLeft UIInterfaceOrientationLandscapeRight";
				INFOPLIST_KEY_UISupportedInterfaceOrientations_iPhone = "UIInterfaceOrientationPortrait UIInterfaceOrientationLandscapeLeft UIInterfaceOrientationLandscapeRight";
				LD_RUNPATH_SEARCH_PATHS = (
					"$(inherited)",
					"@executable_path/Frameworks",
				);
				MARKETING_VERSION = 1.0;
				PRODUCT_BUNDLE_IDENTIFIER = com.myapp.toDoList.MyToList;
				PRODUCT_NAME = "$(TARGET_NAME)";
				SWIFT_EMIT_LOC_STRINGS = YES;
				SWIFT_VERSION = 5.0;
				TARGETED_DEVICE_FAMILY = "1,2";
			};
			name = Release;
		};
		95C04D962E2E88B800B6CF5C /* Debug */ = {
			isa = XCBuildConfiguration;
			buildSettings = {
				ALWAYS_SEARCH_USER_PATHS = NO;
				ASSETCATALOG_COMPILER_GENERATE_SWIFT_ASSET_SYMBOL_EXTENSIONS = YES;
				CLANG_ANALYZER_NONNULL = YES;
				CLANG_ANALYZER_NUMBER_OBJECT_CONVERSION = YES_AGGRESSIVE;
				CLANG_CXX_LANGUAGE_STANDARD = "gnu++20";
				CLANG_ENABLE_MODULES = YES;
				CLANG_ENABLE_OBJC_ARC = YES;
				CLANG_ENABLE_OBJC_WEAK = YES;
				CLANG_WARN_BLOCK_CAPTURE_AUTORELEASING = YES;
				CLANG_WARN_BOOL_CONVERSION = YES;
				CLANG_WARN_COMMA = YES;
				CLANG_WARN_CONSTANT_CONVERSION = YES;
				CLANG_WARN_DEPRECATED_OBJC_IMPLEMENTATIONS = YES;
				CLANG_WARN_DIRECT_OBJC_ISA_USAGE = YES_ERROR;
				CLANG_WARN_DOCUMENTATION_COMMENTS = YES;
				CLANG_WARN_EMPTY_BODY = YES;
				CLANG_WARN_ENUM_CONVERSION = YES;
				CLANG_WARN_INFINITE_RECURSION = YES;
				CLANG_WARN_INT_CONVERSION = YES;
				CLANG_WARN_NON_LITERAL_NULL_CONVERSION = YES;
				CLANG_WARN_OBJC_IMPLICIT_RETAIN_SELF = YES;
				CLANG_WARN_OBJC_LITERAL_CONVERSION = YES;
				CLANG_WARN_OBJC_ROOT_CLASS = YES_ERROR;
				CLANG_WARN_QUOTED_INCLUDE_IN_FRAMEWORK_HEADER = YES;
				CLANG_WARN_RANGE_LOOP_ANALYSIS = YES;
				CLANG_WARN_STRICT_PROTOTYPES = YES;
				CLANG_WARN_SUSPICIOUS_MOVE = YES;
				CLANG_WARN_UNGUARDED_AVAILABILITY = YES_AGGRESSIVE;
				CLANG_WARN_UNREACHABLE_CODE = YES;
				CLANG_WARN__DUPLICATE_METHOD_MATCH = YES;
				COPY_PHASE_STRIP = NO;
				DEBUG_INFORMATION_FORMAT = dwarf;
				ENABLE_STRICT_OBJC_MSGSEND = YES;
				ENABLE_TESTABILITY = YES;
				ENABLE_USER_SCRIPT_SANDBOXING = YES;
				GCC_C_LANGUAGE_STANDARD = gnu17;
				GCC_DYNAMIC_NO_PIC = NO;
				GCC_NO_COMMON_BLOCKS = YES;
				GCC_OPTIMIZATION_LEVEL = 0;
				GCC_PREPROCESSOR_DEFINITIONS = (
					"DEBUG=1",
					"$(inherited)",
				);
				GCC_WARN_64_TO_32_BIT_CONVERSION = YES;
				GCC_WARN_ABOUT_RETURN_TYPE = YES_ERROR;
				GCC_WARN_UNDECLARED_SELECTOR = YES;
				GCC_WARN_UNINITIALIZED_AUTOS = YES_AGGRESSIVE;
				GCC_WARN_UNUSED_FUNCTION = YES;
				GCC_WARN_UNUSED_VARIABLE = YES;
				IPHONEOS_DEPLOYMENT_TARGET = 18.5;
				LOCALIZATION_PREFERS_STRING_CATALOGS = YES;
				MTL_ENABLE_DEBUG_INFO = INCLUDE_SOURCE;
				MTL_FAST_MATH = YES;
				ONLY_ACTIVE_ARCH = YES;
				SDKROOT = iphoneos;
				SWIFT_ACTIVE_COMPILATION_CONDITIONS = "DEBUG $(inherited)";
				SWIFT_OPTIMIZATION_LEVEL = "-Onone";
			};
			name = Debug;
		};
		95C04D972E2E88B800B6CF5C /* Release */ = {
			isa = XCBuildConfiguration;
			buildSettings = {
				ALWAYS_SEARCH_USER_PATHS = NO;
				ASSETCATALOG_COMPILER_GENERATE_SWIFT_ASSET_SYMBOL_EXTENSIONS = YES;
				CLANG_ANALYZER_NONNULL = YES;
				CLANG_ANALYZER_NUMBER_OBJECT_CONVERSION = YES_AGGRESSIVE;
				CLANG_CXX_LANGUAGE_STANDARD = "gnu++20";
				CLANG_ENABLE_MODULES = YES;
				CLANG_ENABLE_OBJC_ARC = YES;
				CLANG_ENABLE_OBJC_WEAK = YES;
				CLANG_WARN_BLOCK_CAPTURE_AUTORELEASING = YES;
				CLANG_WARN_BOOL_CONVERSION = YES;
				CLANG_WARN_COMMA = YES;
				CLANG_WARN_CONSTANT_CONVERSION = YES;
				CLANG_WARN_DEPRECATED_OBJC_IMPLEMENTATIONS = YES;
				CLANG_WARN_DIRECT_OBJC_ISA_USAGE = YES_ERROR;
				CLANG_WARN_DOCUMENTATION_COMMENTS = YES;
				CLANG_WARN_EMPTY_BODY = YES;
				CLANG_WARN_ENUM_CONVERSION = YES;
				CLANG_WARN_INFINITE_RECURSION = YES;
				CLANG_WARN_INT_CONVERSION = YES;
				CLANG_WARN_NON_LITERAL_NULL_CONVERSION = YES;
				CLANG_WARN_OBJC_IMPLICIT_RETAIN_SELF = YES;
				CLANG_WARN_OBJC_LITERAL_CONVERSION = YES;
				CLANG_WARN_OBJC_ROOT_CLASS = YES_ERROR;
				CLANG_WARN_QUOTED_INCLUDE_IN_FRAMEWORK_HEADER = YES;
				CLANG_WARN_RANGE_LOOP_ANALYSIS = YES;
				CLANG_WARN_STRICT_PROTOTYPES = YES;
				CLANG_WARN_SUSPICIOUS_MOVE = YES;
				CLANG_WARN_UNGUARDED_AVAILABILITY = YES_AGGRESSIVE;
				CLANG_WARN_UNREACHABLE_CODE = YES;
				CLANG_WARN__DUPLICATE_METHOD_MATCH = YES;
				COPY_PHASE_STRIP = NO;
				DEBUG_INFORMATION_FORMAT = "dwarf-with-dsym";
				ENABLE_NS_ASSERTIONS = NO;
				ENABLE_STRICT_OBJC_MSGSEND = YES;
				ENABLE_USER_SCRIPT_SANDBOXING = YES;
				GCC_C_LANGUAGE_STANDARD = gnu17;
				GCC_NO_COMMON_BLOCKS = YES;
				GCC_WARN_64_TO_32_BIT_CONVERSION = YES;
				GCC_WARN_ABOUT_RETURN_TYPE = YES_ERROR;
				GCC_WARN_UNDECLARED_SELECTOR = YES;
				GCC_WARN_UNINITIALIZED_AUTOS = YES_AGGRESSIVE;
				GCC_WARN_UNUSED_FUNCTION = YES;
				GCC_WARN_UNUSED_VARIABLE = YES;
				IPHONEOS_DEPLOYMENT_TARGET = 18.5;
				LOCALIZATION_PREFERS_STRING_CATALOGS = YES;
				MTL_ENABLE_DEBUG_INFO = NO;
				MTL_FAST_MATH = YES;
				SDKROOT = iphoneos;
				SWIFT_COMPILATION_MODE = wholemodule;
				VALIDATE_PRODUCT = YES;
			};
			name = Release;
		};
		95C04D992E2E88B800B6CF5C /* Debug */ = {
			isa = XCBuildConfiguration;
			buildSettings = {
				BUNDLE_LOADER = "$(TEST_HOST)";
				CODE_SIGN_STYLE = Automatic;
				CURRENT_PROJECT_VERSION = 1;
				GENERATE_INFOPLIST_FILE = YES;
				IPHONEOS_DEPLOYMENT_TARGET = 18.5;
				MARKETING_VERSION = 1.0;
				PRODUCT_BUNDLE_IDENTIFIER = com.myapp.toDoList.MyToListTests;
				PRODUCT_NAME = "$(TARGET_NAME)";
				SWIFT_EMIT_LOC_STRINGS = NO;
				SWIFT_VERSION = 5.0;
				TARGETED_DEVICE_FAMILY = "1,2";
				TEST_HOST = "$(BUILT_PRODUCTS_DIR)/MyToList.app/$(BUNDLE_EXECUTABLE_FOLDER_PATH)/MyToList";
			};
			name = Debug;
		};
		95C04D9A2E2E88B800B6CF5C /* Release */ = {
			isa = XCBuildConfiguration;
			buildSettings = {
				BUNDLE_LOADER = "$(TEST_HOST)";
				CODE_SIGN_STYLE = Automatic;
				CURRENT_PROJECT_VERSION = 1;
				GENERATE_INFOPLIST_FILE = YES;
				IPHONEOS_DEPLOYMENT_TARGET = 18.5;
				MARKETING_VERSION = 1.0;
				PRODUCT_BUNDLE_IDENTIFIER = com.myapp.toDoList.MyToListTests;
				PRODUCT_NAME = "$(TARGET_NAME)";
				SWIFT_EMIT_LOC_STRINGS = NO;
				SWIFT_VERSION = 5.0;
				TARGETED_DEVICE_FAMILY = "1,2";
				TEST_HOST = "$(BUILT_PRODUCTS_DIR)/MyToList.app/$(BUNDLE_EXECUTABLE_FOLDER_PATH)/MyToList";
			};
			name = Release;
		};
		95C04D9C2E2E88B800B6CF5C /* Debug */ = {
			isa = XCBuildConfiguration;
			buildSettings = {
				CODE_SIGN_STYLE = Automatic;
				CURRENT_PROJECT_VERSION = 1;
				GENERATE_INFOPLIST_FILE = YES;
				MARKETING_VERSION = 1.0;
				PRODUCT_BUNDLE_IDENTIFIER = com.myapp.toDoList.MyToListUITests;
				PRODUCT_NAME = "$(TARGET_NAME)";
				SWIFT_EMIT_LOC_STRINGS = NO;
				SWIFT_VERSION = 5.0;
				TARGETED_DEVICE_FAMILY = "1,2";
				TEST_TARGET_NAME = MyToList;
			};
			name = Debug;
		};
		95C04D9D2E2E88B800B6CF5C /* Release */ = {
			isa = XCBuildConfiguration;
			buildSettings = {
				CODE_SIGN_STYLE = Automatic;
				CURRENT_PROJECT_VERSION = 1;
				GENERATE_INFOPLIST_FILE = YES;
				MARKETING_VERSION = 1.0;
				PRODUCT_BUNDLE_IDENTIFIER = com.myapp.toDoList.MyToListUITests;
				PRODUCT_NAME = "$(TARGET_NAME)";
				SWIFT_EMIT_LOC_STRINGS = NO;
				SWIFT_VERSION = 5.0;
				TARGETED_DEVICE_FAMILY = "1,2";
				TEST_TARGET_NAME = MyToList;
			};
			name = Release;
		};
/* End XCBuildConfiguration section */

/* Begin XCConfigurationList section */
		95C04D622E2E88B500B6CF5C /* Build configuration list for PBXProject "MyToList" */ = {
			isa = XCConfigurationList;
			buildConfigurations = (
				95C04D962E2E88B800B6CF5C /* Debug */,
				95C04D972E2E88B800B6CF5C /* Release */,
			);
			defaultConfigurationIsVisible = 0;
			defaultConfigurationName = Release;
		};
		95C04D932E2E88B800B6CF5C /* Build configuration list for PBXNativeTarget "MyToList" */ = {
			isa = XCConfigurationList;
			buildConfigurations = (
				95C04D942E2E88B800B6CF5C /* Debug */,
				95C04D952E2E88B800B6CF5C /* Release */,
			);
			defaultConfigurationIsVisible = 0;
			defaultConfigurationName = Release;
		};
		95C04D982E2E88B800B6CF5C /* Build configuration list for PBXNativeTarget "MyToListTests" */ = {
			isa = XCConfigurationList;
			buildConfigurations = (
				95C04D992E2E88B800B6CF5C /* Debug */,
				95C04D9A2E2E88B800B6CF5C /* Release */,
			);
			defaultConfigurationIsVisible = 0;
			defaultConfigurationName = Release;
		};
		95C04D9B2E2E88B800B6CF5C /* Build configuration list for PBXNativeTarget "MyToListUITests" */ = {
			isa = XCConfigurationList;
			buildConfigurations = (
				95C04D9C2E2E88B800B6CF5C /* Debug */,
				95C04D9D2E2E88B800B6CF5C /* Release */,
			);
			defaultConfigurationIsVisible = 0;
			defaultConfigurationName = Release;
		};
/* End XCConfigurationList section */
	};
	rootObject = 95C04D5F2E2E88B500B6CF5C /* Project object */;
}
